
Microsoft Visual Studio Solution File, Format Version 12.00
# Visual Studio Version 17
Project("{8BC9CEB8-8B4A-11D0-8D11-00A0C91BC942}") = "ALL_BUILD", "ALL_BUILD.vcxproj", "{58F30238-5F8F-3263-9BBD-1B03CBE2DFF9}"
	ProjectSection(ProjectDependencies) = postProject
		{2421CEB5-02AD-3F2B-9141-8243E64E2657} = {2421CEB5-02AD-3F2B-9141-8243E64E2657}
		{1984D2C3-8780-39C9-8566-67AEAD24D18F} = {1984D2C3-8780-39C9-8566-67AEAD24D18F}
		{C97F520E-6FA6-3273-BAAC-195499E8C417} = {C97F520E-6FA6-3273-BAAC-195499E8C417}
		{2B787D77-7421-315C-A3AB-C3EABC52412C} = {2B787D77-7421-315C-A3AB-C3EABC52412C}
	EndProjectSection
EndProject
Project("{8BC9CEB8-8B4A-11D0-8D11-00A0C91BC942}") = "CLI11", "_deps\cli11-build\src\CLI11.vcxproj", "{2421CEB5-02AD-3F2B-9141-8243E64E2657}"
	ProjectSection(ProjectDependencies) = postProject
		{1984D2C3-8780-39C9-8566-67AEAD24D18F} = {1984D2C3-8780-39C9-8566-67AEAD24D18F}
	EndProjectSection
EndProject
Project("{8BC9CEB8-8B4A-11D0-8D11-00A0C91BC942}") = "ZERO_CHECK", "ZERO_CHECK.vcxproj", "{1984D2C3-8780-39C9-8566-67AEAD24D18F}"
	ProjectSection(ProjectDependencies) = postProject
	EndProjectSection
EndProject
Project("{8BC9CEB8-8B4A-11D0-8D11-00A0C91BC942}") = "mathops_matcap_native", "mathops_matcap_native.vcxproj", "{C97F520E-6FA6-3273-BAAC-195499E8C417}"
	ProjectSection(ProjectDependencies) = postProject
		{1984D2C3-8780-39C9-8566-67AEAD24D18F} = {1984D2C3-8780-39C9-8566-67AEAD24D18F}
		{542819B1-3C0A-3BBE-A89B-607FE02FCD37} = {542819B1-3C0A-3BBE-A89B-607FE02FCD37}
	EndProjectSection
EndProject
Project("{8BC9CEB8-8B4A-11D0-8D11-00A0C91BC942}") = "nanobind-static", "nanobind-static.vcxproj", "{542819B1-3C0A-3BBE-A89B-607FE02FCD37}"
	ProjectSection(ProjectDependencies) = postProject
		{1984D2C3-8780-39C9-8566-67AEAD24D18F} = {1984D2C3-8780-39C9-8566-67AEAD24D18F}
	EndProjectSection
EndProject
Project("{8BC9CEB8-8B4A-11D0-8D11-00A0C91BC942}") = "stage_blender_addon", "stage_blender_addon.vcxproj", "{2B787D77-7421-315C-A3AB-C3EABC52412C}"
	ProjectSection(ProjectDependencies) = postProject
		{1984D2C3-8780-39C9-8566-67AEAD24D18F} = {1984D2C3-8780-39C9-8566-67AEAD24D18F}
		{C97F520E-6FA6-3273-BAAC-195499E8C417} = {C97F520E-6FA6-3273-BAAC-195499E8C417}
	EndProjectSection
EndProject
Global
	GlobalSection(SolutionConfigurationPlatforms) = preSolution
		Debug|x64 = Debug|x64
		Release|x64 = Release|x64
		MinSizeRel|x64 = MinSizeRel|x64
		RelWithDebInfo|x64 = RelWithDebInfo|x64
	EndGlobalSection
	GlobalSection(ProjectConfigurationPlatforms) = postSolution
		{58F30238-5F8F-3263-9BBD-1B03CBE2DFF9}.Debug|x64.ActiveCfg = Debug|x64
		{58F30238-5F8F-3263-9BBD-1B03CBE2DFF9}.Release|x64.ActiveCfg = Release|x64
		{58F30238-5F8F-3263-9BBD-1B03CBE2DFF9}.MinSizeRel|x64.ActiveCfg = MinSizeRel|x64
		{58F30238-5F8F-3263-9BBD-1B03CBE2DFF9}.RelWithDebInfo|x64.ActiveCfg = RelWithDebInfo|x64
		{2421CEB5-02AD-3F2B-9141-8243E64E2657}.Debug|x64.ActiveCfg = Debug|x64
		{2421CEB5-02AD-3F2B-9141-8243E64E2657}.Debug|x64.Build.0 = Debug|x64
		{2421CEB5-02AD-3F2B-9141-8243E64E2657}.Release|x64.ActiveCfg = Release|x64
		{2421CEB5-02AD-3F2B-9141-8243E64E2657}.Release|x64.Build.0 = Release|x64
		{2421CEB5-02AD-3F2B-9141-8243E64E2657}.MinSizeRel|x64.ActiveCfg = MinSizeRel|x64
		{2421CEB5-02AD-3F2B-9141-8243E64E2657}.MinSizeRel|x64.Build.0 = MinSizeRel|x64
		{2421CEB5-02AD-3F2B-9141-8243E64E2657}.RelWithDebInfo|x64.ActiveCfg = RelWithDebInfo|x64
		{2421CEB5-02AD-3F2B-9141-8243E64E2657}.RelWithDebInfo|x64.Build.0 = RelWithDebInfo|x64
		{1984D2C3-8780-39C9-8566-67AEAD24D18F}.Debug|x64.ActiveCfg = Debug|x64
		{1984D2C3-8780-39C9-8566-67AEAD24D18F}.Debug|x64.Build.0 = Debug|x64
		{1984D2C3-8780-39C9-8566-67AEAD24D18F}.Release|x64.ActiveCfg = Release|x64
		{1984D2C3-8780-39C9-8566-67AEAD24D18F}.Release|x64.Build.0 = Release|x64
		{1984D2C3-8780-39C9-8566-67AEAD24D18F}.MinSizeRel|x64.ActiveCfg = MinSizeRel|x64
		{1984D2C3-8780-39C9-8566-67AEAD24D18F}.MinSizeRel|x64.Build.0 = MinSizeRel|x64
		{1984D2C3-8780-39C9-8566-67AEAD24D18F}.RelWithDebInfo|x64.ActiveCfg = RelWithDebInfo|x64
		{1984D2C3-8780-39C9-8566-67AEAD24D18F}.RelWithDebInfo|x64.Build.0 = RelWithDebInfo|x64
		{C97F520E-6FA6-3273-BAAC-195499E8C417}.Debug|x64.ActiveCfg = Debug|x64
		{C97F520E-6FA6-3273-BAAC-195499E8C417}.Debug|x64.Build.0 = Debug|x64
		{C97F520E-6FA6-3273-BAAC-195499E8C417}.Release|x64.ActiveCfg = Release|x64
		{C97F520E-6FA6-3273-BAAC-195499E8C417}.Release|x64.Build.0 = Release|x64
		{C97F520E-6FA6-3273-BAAC-195499E8C417}.MinSizeRel|x64.ActiveCfg = MinSizeRel|x64
		{C97F520E-6FA6-3273-BAAC-195499E8C417}.MinSizeRel|x64.Build.0 = MinSizeRel|x64
		{C97F520E-6FA6-3273-BAAC-195499E8C417}.RelWithDebInfo|x64.ActiveCfg = RelWithDebInfo|x64
		{C97F520E-6FA6-3273-BAAC-195499E8C417}.RelWithDebInfo|x64.Build.0 = RelWithDebInfo|x64
		{542819B1-3C0A-3BBE-A89B-607FE02FCD37}.Debug|x64.ActiveCfg = Debug|x64
		{542819B1-3C0A-3BBE-A89B-607FE02FCD37}.Debug|x64.Build.0 = Debug|x64
		{542819B1-3C0A-3BBE-A89B-607FE02FCD37}.Release|x64.ActiveCfg = Release|x64
		{542819B1-3C0A-3BBE-A89B-607FE02FCD37}.Release|x64.Build.0 = Release|x64
		{542819B1-3C0A-3BBE-A89B-607FE02FCD37}.MinSizeRel|x64.ActiveCfg = MinSizeRel|x64
		{542819B1-3C0A-3BBE-A89B-607FE02FCD37}.MinSizeRel|x64.Build.0 = MinSizeRel|x64
		{542819B1-3C0A-3BBE-A89B-607FE02FCD37}.RelWithDebInfo|x64.ActiveCfg = RelWithDebInfo|x64
		{542819B1-3C0A-3BBE-A89B-607FE02FCD37}.RelWithDebInfo|x64.Build.0 = RelWithDebInfo|x64
		{2B787D77-7421-315C-A3AB-C3EABC52412C}.Debug|x64.ActiveCfg = Debug|x64
		{2B787D77-7421-315C-A3AB-C3EABC52412C}.Debug|x64.Build.0 = Debug|x64
		{2B787D77-7421-315C-A3AB-C3EABC52412C}.Release|x64.ActiveCfg = Release|x64
		{2B787D77-7421-315C-A3AB-C3EABC52412C}.Release|x64.Build.0 = Release|x64
		{2B787D77-7421-315C-A3AB-C3EABC52412C}.MinSizeRel|x64.ActiveCfg = MinSizeRel|x64
		{2B787D77-7421-315C-A3AB-C3EABC52412C}.MinSizeRel|x64.Build.0 = MinSizeRel|x64
		{2B787D77-7421-315C-A3AB-C3EABC52412C}.RelWithDebInfo|x64.ActiveCfg = RelWithDebInfo|x64
		{2B787D77-7421-315C-A3AB-C3EABC52412C}.RelWithDebInfo|x64.Build.0 = RelWithDebInfo|x64
	EndGlobalSection
	GlobalSection(ExtensibilityGlobals) = postSolution
		SolutionGuid = {A67B52C0-F9BB-3051-A97F-3CD5673CC8DD}
	EndGlobalSection
	GlobalSection(ExtensibilityAddIns) = postSolution
	EndGlobalSection
EndGlobal
