<?xml version="1.0" encoding="utf-8"?>
<Project ToolsVersion="17.0" xmlns="http://schemas.microsoft.com/developer/msbuild/2003">
  <ItemGroup>
    <CustomBuild Include="D:\Projects\GitHub\MathOPS-v2\.cmake-matcap-check\CMakeFiles\603104aec117c21a681803cbafbf4f64\generate.stamp.rule">
      <Filter>CMake Rules</Filter>
    </CustomBuild>
  </ItemGroup>
  <ItemGroup>
    <Filter Include="CMake Rules">
      <UniqueIdentifier>{36C3B470-418C-3CFB-AFD1-23FFAF04CF43}</UniqueIdentifier>
    </Filter>
  </ItemGroup>
</Project>
